
Microsoft Visual Studio Solution File, Format Version 12.00
# Visual Studio Version 17
VisualStudioVersion = 17.9.34728.123
MinimumVisualStudioVersion = 10.0.40219.1
Project("{9A19103F-16F7-4668-BE54-9A1E7A4F7556}") = "SolutionProject", "SolutionProject.csproj", "{44A505E4-5816-4513-B320-845388DD62A5}"
EndProject
Global
	GlobalSection(SolutionConfigurationPlatforms) = preSolution
		Debug|Any CPU = Debug|Any CPU
		Release|Any CPU = Release|Any CPU
	EndGlobalSection
	GlobalSection(ProjectConfigurationPlatforms) = postSolution
		{44A505E4-5816-4513-B320-845388DD62A5}.Debug|Any CPU.ActiveCfg = Debug|Any CPU
		{44A505E4-5816-4513-B320-845388DD62A5}.Debug|Any CPU.Build.0 = Debug|Any CPU
		{44A505E4-5816-4513-B320-845388DD62A5}.Release|Any CPU.ActiveCfg = Release|Any CPU
		{44A505E4-5816-4513-B320-845388DD62A5}.Release|Any CPU.Build.0 = Release|Any CPU
	EndGlobalSection
	GlobalSection(SolutionProperties) = preSolution
		HideSolutionNode = FALSE
	EndGlobalSection
	GlobalSection(ExtensibilityGlobals) = postSolution
		SolutionGuid = {5762C9F9-6A7A-43F5-BA7F-4AD72A8324C1}
	EndGlobalSection
EndGlobal
